{
    "_meta": {
        "hash": {
            "sha256": "6bfa6a40e593d64d1765d3da9de848d5000b055856f815592605deb00a0803fa"
        },
        "pipfile-spec": 6,
        "requires": {
            "python_version": "3.7"
        },
        "sources": [
            {
                "name": "pypi",
                "url": "https://pypi.org/simple",
                "verify_ssl": true
            }
        ]
    },
    "default": {
        "six": {
            "hashes": [
                "sha256:236bdbdce46e6e6a3d61a337c0f8b763ca1e8717c03b369e87a7ec7ce1319c0a",
                "sha256:8f3cd2e254d8f793e7f3d6d9df77b92252b52637291d0f0da013c76ea2724b6c"
            ],
            "version": "==1.14.0"
        },
        "translate-toolkit": {
            "hashes": [
                "sha256:e9f19c5ebbef8d2c551319d9ff42f6799d65ed5a102e0a2cea77ee93dcfe7c5f"
            ],
            "index": "pypi",
            "version": "==2.5.0"
        }
    },
    "develop": {}
}
